# This file is automatically @generated by Poetry 2.1.3 and should not be changed by hand.

[[package]]
name = "markdown"
version = "3.10.2"
description = "Python implementation of John Gruber's Markdown."
optional = false
python-versions = ">=3.10"
groups = ["main"]
files = [
    {file = "markdown-3.10.2-py3-none-any.whl", hash = "sha256:e91464b71ae3ee7afd3017d9f358ef0baf158fd9a298db92f1d4761133824c36"},
    {file = "markdown-3.10.2.tar.gz", hash = "sha256:994d51325d25ad8aa7ce4ebaec003febcce822c3f8c911e3b17c52f7f589f950"},
]

[package.extras]
docs = ["mdx_gh_links (>=0.2)", "mkdocs (>=1.6)", "mkdocs-gen-files", "mkdocs-literate-nav", "mkdocs-nature (>=0.6)", "mkdocs-section-index", "mkdocstrings[python] (>=0.28.3)"]
testing = ["coverage", "pyyaml"]

[metadata]
lock-version = "2.1"
python-versions = ">=3.13"
content-hash = "31a7ab7977c715145cb9cd6811d9a69648631b9941fbc851c6cd9fda75ba6335"
